// !$*UTF8*$!
{
	archiveVersion = 1;
	classes = {
	};
	objectVersion = 51;
	objects = {

/* Begin PBXBuildFile section */
		8B7C81F85FB5DFC834F4688A /* Pods_ParstagramTests.framework in Frameworks */ = {isa = PBXBuildFile; fileRef = 93186E429C371C502C434AAC /* Pods_ParstagramTests.framework */; };
		BE964E45240D2F0A00A392B7 /* LoginViewController.swift in Sources */ = {isa = PBXBuildFile; fileRef = BE964E44240D2F0A00A392B7 /* LoginViewController.swift */; };
		BE964E47240D2F1D00A392B7 /* FeedViewController.swift in Sources */ = {isa = PBXBuildFile; fileRef = BE964E46240D2F1D00A392B7 /* FeedViewController.swift */; };
		BE964E49240D352600A392B7 /* CameraViewController.swift in Sources */ = {isa = PBXBuildFile; fileRef = BE964E48240D352600A392B7 /* CameraViewController.swift */; };
		BE964E4B240D3F1900A392B7 /* PostCell.swift in Sources */ = {isa = PBXBuildFile; fileRef = BE964E4A240D3F1900A392B7 /* PostCell.swift */; };
		BECBF7BA240852A10041D234 /* AppDelegate.swift in Sources */ = {isa = PBXBuildFile; fileRef = BECBF7B9240852A10041D234 /* AppDelegate.swift */; };
		BECBF7BC240852A10041D234 /* SceneDelegate.swift in Sources */ = {isa = PBXBuildFile; fileRef = BECBF7BB240852A10041D234 /* SceneDelegate.swift */; };
		BECBF7C1240852A10041D234 /* Main.storyboard in Resources */ = {isa = PBXBuildFile; fileRef = BECBF7BF240852A10041D234 /* Main.storyboard */; };
		BECBF7C3240852A20041D234 /* Assets.xcassets in Resources */ = {isa = PBXBuildFile; fileRef = BECBF7C2240852A20041D234 /* Assets.xcassets */; };
		BECBF7C6240852A20041D234 /* LaunchScreen.storyboard in Resources */ = {isa = PBXBuildFile; fileRef = BECBF7C4240852A20041D234 /* LaunchScreen.storyboard */; };
		BECBF7D1240852A20041D234 /* ParstagramTests.swift in Sources */ = {isa = PBXBuildFile; fileRef = BECBF7D0240852A20041D234 /* ParstagramTests.swift */; };
		BECBF7DC240852A20041D234 /* ParstagramUITests.swift in Sources */ = {isa = PBXBuildFile; fileRef = BECBF7DB240852A20041D234 /* ParstagramUITests.swift */; };
		EA49CC78ABD5B6402457282D /* Pods_Parstagram.framework in Frameworks */ = {isa = PBXBuildFile; fileRef = AB902FEA2D7FAFBC356D732B /* Pods_Parstagram.framework */; };
		EF5386FC645C51602A8FAF59 /* Pods_Parstagram_ParstagramUITests.framework in Frameworks */ = {isa = PBXBuildFile; fileRef = C33482346B6961BAFD7C356A /* Pods_Parstagram_ParstagramUITests.framework */; };
/* End PBXBuildFile section */

/* Begin PBXContainerItemProxy section */
		BECBF7CD240852A20041D234 /* PBXContainerItemProxy */ = {
			isa = PBXContainerItemProxy;
			containerPortal = BECBF7AE240852A10041D234 /* Project object */;
			proxyType = 1;
			remoteGlobalIDString = BECBF7B5240852A10041D234;
			remoteInfo = Parstagram;
		};
		BECBF7D8240852A20041D234 /* PBXContainerItemProxy */ = {
			isa = PBXContainerItemProxy;
			containerPortal = BECBF7AE240852A10041D234 /* Project object */;
			proxyType = 1;
			remoteGlobalIDString = BECBF7B5240852A10041D234;
			remoteInfo = Parstagram;
		};
/* End PBXContainerItemProxy section */

/* Begin PBXFileReference section */
		090111B5086AEF2A7A19074A /* Pods-Parstagram.release.xcconfig */ = {isa = PBXFileReference; includeInIndex = 1; lastKnownFileType = text.xcconfig; name = "Pods-Parstagram.release.xcconfig"; path = "Target Support Files/Pods-Parstagram/Pods-Parstagram.release.xcconfig"; sourceTree = "<group>"; };
		16FE9571B012B68E65FA5567 /* Pods-Parstagram-ParstagramUITests.release.xcconfig */ = {isa = PBXFileReference; includeInIndex = 1; lastKnownFileType = text.xcconfig; name = "Pods-Parstagram-ParstagramUITests.release.xcconfig"; path = "Target Support Files/Pods-Parstagram-ParstagramUITests/Pods-Parstagram-ParstagramUITests.release.xcconfig"; sourceTree = "<group>"; };
		25C03EA2F573C0A3F5706DD2 /* Pods-ParstagramTests.release.xcconfig */ = {isa = PBXFileReference; includeInIndex = 1; lastKnownFileType = text.xcconfig; name = "Pods-ParstagramTests.release.xcconfig"; path = "Target Support Files/Pods-ParstagramTests/Pods-ParstagramTests.release.xcconfig"; sourceTree = "<group>"; };
		414A37CF1855A290104D0C43 /* Pods-Parstagram.debug.xcconfig */ = {isa = PBXFileReference; includeInIndex = 1; lastKnownFileType = text.xcconfig; name = "Pods-Parstagram.debug.xcconfig"; path = "Target Support Files/Pods-Parstagram/Pods-Parstagram.debug.xcconfig"; sourceTree = "<group>"; };
		92AD37BFA970C6A1FE04BB39 /* Pods-Parstagram-ParstagramUITests.debug.xcconfig */ = {isa = PBXFileReference; includeInIndex = 1; lastKnownFileType = text.xcconfig; name = "Pods-Parstagram-ParstagramUITests.debug.xcconfig"; path = "Target Support Files/Pods-Parstagram-ParstagramUITests/Pods-Parstagram-ParstagramUITests.debug.xcconfig"; sourceTree = "<group>"; };
		93186E429C371C502C434AAC /* Pods_ParstagramTests.framework */ = {isa = PBXFileReference; explicitFileType = wrapper.framework; includeInIndex = 0; path = Pods_ParstagramTests.framework; sourceTree = BUILT_PRODUCTS_DIR; };
		AB72AAA240FF56AE381E6B75 /* Pods-ParstagramTests.debug.xcconfig */ = {isa = PBXFileReference; includeInIndex = 1; lastKnownFileType = text.xcconfig; name = "Pods-ParstagramTests.debug.xcconfig"; path = "Target Support Files/Pods-ParstagramTests/Pods-ParstagramTests.debug.xcconfig"; sourceTree = "<group>"; };
		AB902FEA2D7FAFBC356D732B /* Pods_Parstagram.framework */ = {isa = PBXFileReference; explicitFileType = wrapper.framework; includeInIndex = 0; path = Pods_Parstagram.framework; sourceTree = BUILT_PRODUCTS_DIR; };
		BE964E44240D2F0A00A392B7 /* LoginViewController.swift */ = {isa = PBXFileReference; lastKnownFileType = sourcecode.swift; path = LoginViewController.swift; sourceTree = "<group>"; };
		BE964E46240D2F1D00A392B7 /* FeedViewController.swift */ = {isa = PBXFileReference; lastKnownFileType = sourcecode.swift; path = FeedViewController.swift; sourceTree = "<group>"; };
		BE964E48240D352600A392B7 /* CameraViewController.swift */ = {isa = PBXFileReference; lastKnownFileType = sourcecode.swift; path = CameraViewController.swift; sourceTree = "<group>"; };
		BE964E4A240D3F1900A392B7 /* PostCell.swift */ = {isa = PBXFileReference; lastKnownFileType = sourcecode.swift; path = PostCell.swift; sourceTree = "<group>"; };
		BECBF7B6240852A10041D234 /* Parstagram.app */ = {isa = PBXFileReference; explicitFileType = wrapper.application; includeInIndex = 0; path = Parstagram.app; sourceTree = BUILT_PRODUCTS_DIR; };
		BECBF7B9240852A10041D234 /* AppDelegate.swift */ = {isa = PBXFileReference; lastKnownFileType = sourcecode.swift; path = AppDelegate.swift; sourceTree = "<group>"; };
		BECBF7BB240852A10041D234 /* SceneDelegate.swift */ = {isa = PBXFileReference; lastKnownFileType = sourcecode.swift; path = SceneDelegate.swift; sourceTree = "<group>"; };
		BECBF7C0240852A10041D234 /* Base */ = {isa = PBXFileReference; lastKnownFileType = file.storyboard; name = Base; path = Base.lproj/Main.storyboard; sourceTree = "<group>"; };
		BECBF7C2240852A20041D234 /* Assets.xcassets */ = {isa = PBXFileReference; lastKnownFileType = folder.assetcatalog; path = Assets.xcassets; sourceTree = "<group>"; };
		BECBF7C5240852A20041D234 /* Base */ = {isa = PBXFileReference; lastKnownFileType = file.storyboard; name = Base; path = Base.lproj/LaunchScreen.storyboard; sourceTree = "<group>"; };
		BECBF7C7240852A20041D234 /* Info.plist */ = {isa = PBXFileReference; lastKnownFileType = text.plist.xml; path = Info.plist; sourceTree = "<group>"; };
		BECBF7CC240852A20041D234 /* ParstagramTests.xctest */ = {isa = PBXFileReference; explicitFileType = wrapper.cfbundle; includeInIndex = 0; path = ParstagramTests.xctest; sourceTree = BUILT_PRODUCTS_DIR; };
		BECBF7D0240852A20041D234 /* ParstagramTests.swift */ = {isa = PBXFileReference; lastKnownFileType = sourcecode.swift; path = ParstagramTests.swift; sourceTree = "<group>"; };
		BECBF7D2240852A20041D234 /* Info.plist */ = {isa = PBXFileReference; lastKnownFileType = text.plist.xml; path = Info.plist; sourceTree = "<group>"; };
		BECBF7D7240852A20041D234 /* ParstagramUITests.xctest */ = {isa = PBXFileReference; explicitFileType = wrapper.cfbundle; includeInIndex = 0; path = ParstagramUITests.xctest; sourceTree = BUILT_PRODUCTS_DIR; };
		BECBF7DB240852A20041D234 /* ParstagramUITests.swift */ = {isa = PBXFileReference; lastKnownFileType = sourcecode.swift; path = ParstagramUITests.swift; sourceTree = "<group>"; };
		BECBF7DD240852A20041D234 /* Info.plist */ = {isa = PBXFileReference; lastKnownFileType = text.plist.xml; path = Info.plist; sourceTree = "<group>"; };
		C33482346B6961BAFD7C356A /* Pods_Parstagram_ParstagramUITests.framework */ = {isa = PBXFileReference; explicitFileType = wrapper.framework; includeInIndex = 0; path = Pods_Parstagram_ParstagramUITests.framework; sourceTree = BUILT_PRODUCTS_DIR; };
/* End PBXFileReference section */

/* Begin PBXFrameworksBuildPhase section */
		BECBF7B3240852A10041D234 /* Frameworks */ = {
			isa = PBXFrameworksBuildPhase;
			buildActionMask = 2147483647;
			files = (
				EA49CC78ABD5B6402457282D /* Pods_Parstagram.framework in Frameworks */,
			);
			runOnlyForDeploymentPostprocessing = 0;
		};
		BECBF7C9240852A20041D234 /* Frameworks */ = {
			isa = PBXFrameworksBuildPhase;
			buildActionMask = 2147483647;
			files = (
				8B7C81F85FB5DFC834F4688A /* Pods_ParstagramTests.framework in Frameworks */,
			);
			runOnlyForDeploymentPostprocessing = 0;
		};
		BECBF7D4240852A20041D234 /* Frameworks */ = {
			isa = PBXFrameworksBuildPhase;
			buildActionMask = 2147483647;
			files = (
				EF5386FC645C51602A8FAF59 /* Pods_Parstagram_ParstagramUITests.framework in Frameworks */,
			);
			runOnlyForDeploymentPostprocessing = 0;
		};
/* End PBXFrameworksBuildPhase section */

/* Begin PBXGroup section */
		05C35B835B2E6941FD296ABF /* Frameworks */ = {
			isa = PBXGroup;
			children = (
				AB902FEA2D7FAFBC356D732B /* Pods_Parstagram.framework */,
				C33482346B6961BAFD7C356A /* Pods_Parstagram_ParstagramUITests.framework */,
				93186E429C371C502C434AAC /* Pods_ParstagramTests.framework */,
			);
			name = Frameworks;
			sourceTree = "<group>";
		};
		9A8EEC447629E61CB341C75C /* Pods */ = {
			isa = PBXGroup;
			children = (
				414A37CF1855A290104D0C43 /* Pods-Parstagram.debug.xcconfig */,
				090111B5086AEF2A7A19074A /* Pods-Parstagram.release.xcconfig */,
				92AD37BFA970C6A1FE04BB39 /* Pods-Parstagram-ParstagramUITests.debug.xcconfig */,
				16FE9571B012B68E65FA5567 /* Pods-Parstagram-ParstagramUITests.release.xcconfig */,
				AB72AAA240FF56AE381E6B75 /* Pods-ParstagramTests.debug.xcconfig */,
				25C03EA2F573C0A3F5706DD2 /* Pods-ParstagramTests.release.xcconfig */,
			);
			path = Pods;
			sourceTree = "<group>";
		};
		BECBF7AD240852A10041D234 = {
			isa = PBXGroup;
			children = (
				BECBF7B8240852A10041D234 /* Parstagram */,
				BECBF7CF240852A20041D234 /* ParstagramTests */,
				BECBF7DA240852A20041D234 /* ParstagramUITests */,
				BECBF7B7240852A10041D234 /* Products */,
				9A8EEC447629E61CB341C75C /* Pods */,
				05C35B835B2E6941FD296ABF /* Frameworks */,
			);
			sourceTree = "<group>";
		};
		BECBF7B7240852A10041D234 /* Products */ = {
			isa = PBXGroup;
			children = (
				BECBF7B6240852A10041D234 /* Parstagram.app */,
				BECBF7CC240852A20041D234 /* ParstagramTests.xctest */,
				BECBF7D7240852A20041D234 /* ParstagramUITests.xctest */,
			);
			name = Products;
			sourceTree = "<group>";
		};
		BECBF7B8240852A10041D234 /* Parstagram */ = {
			isa = PBXGroup;
			children = (
				BECBF7B9240852A10041D234 /* AppDelegate.swift */,
				BECBF7BB240852A10041D234 /* SceneDelegate.swift */,
				BECBF7BF240852A10041D234 /* Main.storyboard */,
				BECBF7C2240852A20041D234 /* Assets.xcassets */,
				BECBF7C4240852A20041D234 /* LaunchScreen.storyboard */,
				BECBF7C7240852A20041D234 /* Info.plist */,
				BE964E44240D2F0A00A392B7 /* LoginViewController.swift */,
				BE964E46240D2F1D00A392B7 /* FeedViewController.swift */,
				BE964E48240D352600A392B7 /* CameraViewController.swift */,
				BE964E4A240D3F1900A392B7 /* PostCell.swift */,
			);
			path = Parstagram;
			sourceTree = "<group>";
		};
		BECBF7CF240852A20041D234 /* ParstagramTests */ = {
			isa = PBXGroup;
			children = (
				BECBF7D0240852A20041D234 /* ParstagramTests.swift */,
				BECBF7D2240852A20041D234 /* Info.plist */,
			);
			path = ParstagramTests;
			sourceTree = "<group>";
		};
		BECBF7DA240852A20041D234 /* ParstagramUITests */ = {
			isa = PBXGroup;
			children = (
				BECBF7DB240852A20041D234 /* ParstagramUITests.swift */,
				BECBF7DD240852A20041D234 /* Info.plist */,
			);
			path = ParstagramUITests;
			sourceTree = "<group>";
		};
/* End PBXGroup section */

/* Begin PBXNativeTarget section */
		BECBF7B5240852A10041D234 /* Parstagram */ = {
			isa = PBXNativeTarget;
			buildConfigurationList = BECBF7E0240852A30041D234 /* Build configuration list for PBXNativeTarget "Parstagram" */;
			buildPhases = (
				0A7C0CF087D41E999C7F4DB5 /* [CP] Check Pods Manifest.lock */,
				BECBF7B2240852A10041D234 /* Sources */,
				BECBF7B3240852A10041D234 /* Frameworks */,
				BECBF7B4240852A10041D234 /* Resources */,
				B58D8AF0E745223AF4BD6C33 /* [CP] Embed Pods Frameworks */,
			);
			buildRules = (
			);
			dependencies = (
			);
			name = Parstagram;
			productName = Parstagram;
			productReference = BECBF7B6240852A10041D234 /* Parstagram.app */;
			productType = "com.apple.product-type.application";
		};
		BECBF7CB240852A20041D234 /* ParstagramTests */ = {
			isa = PBXNativeTarget;
			buildConfigurationList = BECBF7E3240852A30041D234 /* Build configuration list for PBXNativeTarget "ParstagramTests" */;
			buildPhases = (
				7E23FE69862A3F01577D5DC7 /* [CP] Check Pods Manifest.lock */,
				BECBF7C8240852A20041D234 /* Sources */,
				BECBF7C9240852A20041D234 /* Frameworks */,
				BECBF7CA240852A20041D234 /* Resources */,
			);
			buildRules = (
			);
			dependencies = (
				BECBF7CE240852A20041D234 /* PBXTargetDependency */,
			);
			name = ParstagramTests;
			productName = ParstagramTests;
			productReference = BECBF7CC240852A20041D234 /* ParstagramTests.xctest */;
			productType = "com.apple.product-type.bundle.unit-test";
		};
		BECBF7D6240852A20041D234 /* ParstagramUITests */ = {
			isa = PBXNativeTarget;
			buildConfigurationList = BECBF7E6240852A30041D234 /* Build configuration list for PBXNativeTarget "ParstagramUITests" */;
			buildPhases = (
				5E6D99DCE2BAC8D1D61AFEEF /* [CP] Check Pods Manifest.lock */,
				BECBF7D3240852A20041D234 /* Sources */,
				BECBF7D4240852A20041D234 /* Frameworks */,
				BECBF7D5240852A20041D234 /* Resources */,
				727EEEDFBFC641189BF3F10F /* [CP] Embed Pods Frameworks */,
			);
			buildRules = (
			);
			dependencies = (
				BECBF7D9240852A20041D234 /* PBXTargetDependency */,
			);
			name = ParstagramUITests;
			productName = ParstagramUITests;
			productReference = BECBF7D7240852A20041D234 /* ParstagramUITests.xctest */;
			productType = "com.apple.product-type.bundle.ui-testing";
		};
/* End PBXNativeTarget section */

/* Begin PBXProject section */
		BECBF7AE240852A10041D234 /* Project object */ = {
			isa = PBXProject;
			attributes = {
				LastSwiftUpdateCheck = 1130;
				LastUpgradeCheck = 1130;
				ORGANIZATIONNAME = "Asim Williams";
				TargetAttributes = {
					BECBF7B5240852A10041D234 = {
						CreatedOnToolsVersion = 11.3.1;
					};
					BECBF7CB240852A20041D234 = {
						CreatedOnToolsVersion = 11.3.1;
						TestTargetID = BECBF7B5240852A10041D234;
					};
					BECBF7D6240852A20041D234 = {
						CreatedOnToolsVersion = 11.3.1;
						TestTargetID = BECBF7B5240852A10041D234;
					};
				};
			};
			buildConfigurationList = BECBF7B1240852A10041D234 /* Build configuration list for PBXProject "Parstagram" */;
			compatibilityVersion = "Xcode 9.3";
			developmentRegion = en;
			hasScannedForEncodings = 0;
			knownRegions = (
				en,
				Base,
			);
			mainGroup = BECBF7AD240852A10041D234;
			productRefGroup = BECBF7B7240852A10041D234 /* Products */;
			projectDirPath = "";
			projectRoot = "";
			targets = (
				BECBF7B5240852A10041D234 /* Parstagram */,
				BECBF7CB240852A20041D234 /* ParstagramTests */,
				BECBF7D6240852A20041D234 /* ParstagramUITests */,
			);
		};
/* End PBXProject section */

/* Begin PBXResourcesBuildPhase section */
		BECBF7B4240852A10041D234 /* Resources */ = {
			isa = PBXResourcesBuildPhase;
			buildActionMask = 2147483647;
			files = (
				BECBF7C6240852A20041D234 /* LaunchScreen.storyboard in Resources */,
				BECBF7C3240852A20041D234 /* Assets.xcassets in Resources */,
				BECBF7C1240852A10041D234 /* Main.storyboard in Resources */,
			);
			runOnlyForDeploymentPostprocessing = 0;
		};
		BECBF7CA240852A20041D234 /* Resources */ = {
			isa = PBXResourcesBuildPhase;
			buildActionMask = 2147483647;
			files = (
			);
			runOnlyForDeploymentPostprocessing = 0;
		};
		BECBF7D5240852A20041D234 /* Resources */ = {
			isa = PBXResourcesBuildPhase;
			buildActionMask = 2147483647;
			files = (
			);
			runOnlyForDeploymentPostprocessing = 0;
		};
/* End PBXResourcesBuildPhase section */

/* Begin PBXShellScriptBuildPhase section */
		0A7C0CF087D41E999C7F4DB5 /* [CP] Check Pods Manifest.lock */ = {
			isa = PBXShellScriptBuildPhase;
			buildActionMask = 2147483647;
			files = (
			);
			inputFileListPaths = (
			);
			inputPaths = (
				"${PODS_PODFILE_DIR_PATH}/Podfile.lock",
				"${PODS_ROOT}/Manifest.lock",
			);
			name = "[CP] Check Pods Manifest.lock";
			outputFileListPaths = (
			);
			outputPaths = (
				"$(DERIVED_FILE_DIR)/Pods-Parstagram-checkManifestLockResult.txt",
			);
			runOnlyForDeploymentPostprocessing = 0;
			shellPath = /bin/sh;
			shellScript = "diff \"${PODS_PODFILE_DIR_PATH}/Podfile.lock\" \"${PODS_ROOT}/Manifest.lock\" > /dev/null\nif [ $? != 0 ] ; then\n    # print error to STDERR\n    echo \"error: The sandbox is not in sync with the Podfile.lock. Run 'pod install' or update your CocoaPods installation.\" >&2\n    exit 1\nfi\n# This output is used by Xcode 'outputs' to avoid re-running this script phase.\necho \"SUCCESS\" > \"${SCRIPT_OUTPUT_FILE_0}\"\n";
			showEnvVarsInLog = 0;
		};
		5E6D99DCE2BAC8D1D61AFEEF /* [CP] Check Pods Manifest.lock */ = {
			isa = PBXShellScriptBuildPhase;
			buildActionMask = 2147483647;
			files = (
			);
			inputFileListPaths = (
			);
			inputPaths = (
				"${PODS_PODFILE_DIR_PATH}/Podfile.lock",
				"${PODS_ROOT}/Manifest.lock",
			);
			name = "[CP] Check Pods Manifest.lock";
			outputFileListPaths = (
			);
			outputPaths = (
				"$(DERIVED_FILE_DIR)/Pods-Parstagram-ParstagramUITests-checkManifestLockResult.txt",
			);
			runOnlyForDeploymentPostprocessing = 0;
			shellPath = /bin/sh;
			shellScript = "diff \"${PODS_PODFILE_DIR_PATH}/Podfile.lock\" \"${PODS_ROOT}/Manifest.lock\" > /dev/null\nif [ $? != 0 ] ; then\n    # print error to STDERR\n    echo \"error: The sandbox is not in sync with the Podfile.lock. Run 'pod install' or update your CocoaPods installation.\" >&2\n    exit 1\nfi\n# This output is used by Xcode 'outputs' to avoid re-running this script phase.\necho \"SUCCESS\" > \"${SCRIPT_OUTPUT_FILE_0}\"\n";
			showEnvVarsInLog = 0;
		};
		727EEEDFBFC641189BF3F10F /* [CP] Embed Pods Frameworks */ = {
			isa = PBXShellScriptBuildPhase;
			buildActionMask = 2147483647;
			files = (
			);
			inputFileListPaths = (
				"${PODS_ROOT}/Target Support Files/Pods-Parstagram-ParstagramUITests/Pods-Parstagram-ParstagramUITests-frameworks-${CONFIGURATION}-input-files.xcfilelist",
			);
			name = "[CP] Embed Pods Frameworks";
			outputFileListPaths = (
				"${PODS_ROOT}/Target Support Files/Pods-Parstagram-ParstagramUITests/Pods-Parstagram-ParstagramUITests-frameworks-${CONFIGURATION}-output-files.xcfilelist",
			);
			runOnlyForDeploymentPostprocessing = 0;
			shellPath = /bin/sh;
			shellScript = "\"${PODS_ROOT}/Target Support Files/Pods-Parstagram-ParstagramUITests/Pods-Parstagram-ParstagramUITests-frameworks.sh\"\n";
			showEnvVarsInLog = 0;
		};
		7E23FE69862A3F01577D5DC7 /* [CP] Check Pods Manifest.lock */ = {
			isa = PBXShellScriptBuildPhase;
			buildActionMask = 2147483647;
			files = (
			);
			inputFileListPaths = (
			);
			inputPaths = (
				"${PODS_PODFILE_DIR_PATH}/Podfile.lock",
				"${PODS_ROOT}/Manifest.lock",
			);
			name = "[CP] Check Pods Manifest.lock";
			outputFileListPaths = (
			);
			outputPaths = (
				"$(DERIVED_FILE_DIR)/Pods-ParstagramTests-checkManifestLockResult.txt",
			);
			runOnlyForDeploymentPostprocessing = 0;
			shellPath = /bin/sh;
			shellScript = "diff \"${PODS_PODFILE_DIR_PATH}/Podfile.lock\" \"${PODS_ROOT}/Manifest.lock\" > /dev/null\nif [ $? != 0 ] ; then\n    # print error to STDERR\n    echo \"error: The sandbox is not in sync with the Podfile.lock. Run 'pod install' or update your CocoaPods installation.\" >&2\n    exit 1\nfi\n# This output is used by Xcode 'outputs' to avoid re-running this script phase.\necho \"SUCCESS\" > \"${SCRIPT_OUTPUT_FILE_0}\"\n";
			showEnvVarsInLog = 0;
		};
		B58D8AF0E745223AF4BD6C33 /* [CP] Embed Pods Frameworks */ = {
			isa = PBXShellScriptBuildPhase;
			buildActionMask = 2147483647;
			files = (
			);
			inputFileListPaths = (
				"${PODS_ROOT}/Target Support Files/Pods-Parstagram/Pods-Parstagram-frameworks-${CONFIGURATION}-input-files.xcfilelist",
			);
			name = "[CP] Embed Pods Frameworks";
			outputFileListPaths = (
				"${PODS_ROOT}/Target Support Files/Pods-Parstagram/Pods-Parstagram-frameworks-${CONFIGURATION}-output-files.xcfilelist",
			);
			runOnlyForDeploymentPostprocessing = 0;
			shellPath = /bin/sh;
			shellScript = "\"${PODS_ROOT}/Target Support Files/Pods-Parstagram/Pods-Parstagram-frameworks.sh\"\n";
			showEnvVarsInLog = 0;
		};
/* End PBXShellScriptBuildPhase section */

/* Begin PBXSourcesBuildPhase section */
		BECBF7B2240852A10041D234 /* Sources */ = {
			isa = PBXSourcesBuildPhase;
			buildActionMask = 2147483647;
			files = (
				BE964E45240D2F0A00A392B7 /* LoginViewController.swift in Sources */,
				BE964E49240D352600A392B7 /* CameraViewController.swift in Sources */,
				BECBF7BA240852A10041D234 /* AppDelegate.swift in Sources */,
				BE964E47240D2F1D00A392B7 /* FeedViewController.swift in Sources */,
				BECBF7BC240852A10041D234 /* SceneDelegate.swift in Sources */,
				BE964E4B240D3F1900A392B7 /* PostCell.swift in Sources */,
			);
			runOnlyForDeploymentPostprocessing = 0;
		};
		BECBF7C8240852A20041D234 /* Sources */ = {
			isa = PBXSourcesBuildPhase;
			buildActionMask = 2147483647;
			files = (
				BECBF7D1240852A20041D234 /* ParstagramTests.swift in Sources */,
			);
			runOnlyForDeploymentPostprocessing = 0;
		};
		BECBF7D3240852A20041D234 /* Sources */ = {
			isa = PBXSourcesBuildPhase;
			buildActionMask = 2147483647;
			files = (
				BECBF7DC240852A20041D234 /* ParstagramUITests.swift in Sources */,
			);
			runOnlyForDeploymentPostprocessing = 0;
		};
/* End PBXSourcesBuildPhase section */

/* Begin PBXTargetDependency section */
		BECBF7CE240852A20041D234 /* PBXTargetDependency */ = {
			isa = PBXTargetDependency;
			target = BECBF7B5240852A10041D234 /* Parstagram */;
			targetProxy = BECBF7CD240852A20041D234 /* PBXContainerItemProxy */;
		};
		BECBF7D9240852A20041D234 /* PBXTargetDependency */ = {
			isa = PBXTargetDependency;
			target = BECBF7B5240852A10041D234 /* Parstagram */;
			targetProxy = BECBF7D8240852A20041D234 /* PBXContainerItemProxy */;
		};
/* End PBXTargetDependency section */

/* Begin PBXVariantGroup section */
		BECBF7BF240852A10041D234 /* Main.storyboard */ = {
			isa = PBXVariantGroup;
			children = (
				BECBF7C0240852A10041D234 /* Base */,
			);
			name = Main.storyboard;
			sourceTree = "<group>";
		};
		BECBF7C4240852A20041D234 /* LaunchScreen.storyboard */ = {
			isa = PBXVariantGroup;
			children = (
				BECBF7C5240852A20041D234 /* Base */,
			);
			name = LaunchScreen.storyboard;
			sourceTree = "<group>";
		};
/* End PBXVariantGroup section */

/* Begin XCBuildConfiguration section */
		BECBF7DE240852A20041D234 /* Debug */ = {
			isa = XCBuildConfiguration;
			buildSettings = {
				ALWAYS_SEARCH_USER_PATHS = NO;
				CLANG_ANALYZER_NONNULL = YES;
				CLANG_ANALYZER_NUMBER_OBJECT_CONVERSION = YES_AGGRESSIVE;
				CLANG_CXX_LANGUAGE_STANDARD = "gnu++14";
				CLANG_CXX_LIBRARY = "libc++";
				CLANG_ENABLE_MODULES = YES;
				CLANG_ENABLE_OBJC_ARC = YES;
				CLANG_ENABLE_OBJC_WEAK = YES;
				CLANG_WARN_BLOCK_CAPTURE_AUTORELEASING = YES;
				CLANG_WARN_BOOL_CONVERSION = YES;
				CLANG_WARN_COMMA = YES;
				CLANG_WARN_CONSTANT_CONVERSION = YES;
				CLANG_WARN_DEPRECATED_OBJC_IMPLEMENTATIONS = YES;
				CLANG_WARN_DIRECT_OBJC_ISA_USAGE = YES_ERROR;
				CLANG_WARN_DOCUMENTATION_COMMENTS = YES;
				CLANG_WARN_EMPTY_BODY = YES;
				CLANG_WARN_ENUM_CONVERSION = YES;
				CLANG_WARN_INFINITE_RECURSION = YES;
				CLANG_WARN_INT_CONVERSION = YES;
				CLANG_WARN_NON_LITERAL_NULL_CONVERSION = YES;
				CLANG_WARN_OBJC_IMPLICIT_RETAIN_SELF = YES;
				CLANG_WARN_OBJC_LITERAL_CONVERSION = YES;
				CLANG_WARN_OBJC_ROOT_CLASS = YES_ERROR;
				CLANG_WARN_RANGE_LOOP_ANALYSIS = YES;
				CLANG_WARN_STRICT_PROTOTYPES = YES;
				CLANG_WARN_SUSPICIOUS_MOVE = YES;
				CLANG_WARN_UNGUARDED_AVAILABILITY = YES_AGGRESSIVE;
				CLANG_WARN_UNREACHABLE_CODE = YES;
				CLANG_WARN__DUPLICATE_METHOD_MATCH = YES;
				COPY_PHASE_STRIP = NO;
				DEBUG_INFORMATION_FORMAT = dwarf;
				ENABLE_STRICT_OBJC_MSGSEND = YES;
				ENABLE_TESTABILITY = YES;
				GCC_C_LANGUAGE_STANDARD = gnu11;
				GCC_DYNAMIC_NO_PIC = NO;
				GCC_NO_COMMON_BLOCKS = YES;
				GCC_OPTIMIZATION_LEVEL = 0;
				GCC_PREPROCESSOR_DEFINITIONS = (
					"DEBUG=1",
					"$(inherited)",
				);
				GCC_WARN_64_TO_32_BIT_CONVERSION = YES;
				GCC_WARN_ABOUT_RETURN_TYPE = YES_ERROR;
				GCC_WARN_UNDECLARED_SELECTOR = YES;
				GCC_WARN_UNINITIALIZED_AUTOS = YES_AGGRESSIVE;
				GCC_WARN_UNUSED_FUNCTION = YES;
				GCC_WARN_UNUSED_VARIABLE = YES;
				IPHONEOS_DEPLOYMENT_TARGET = 13.2;
				MTL_ENABLE_DEBUG_INFO = INCLUDE_SOURCE;
				MTL_FAST_MATH = YES;
				ONLY_ACTIVE_ARCH = YES;
				SDKROOT = iphoneos;
				SWIFT_ACTIVE_COMPILATION_CONDITIONS = DEBUG;
				SWIFT_OPTIMIZATION_LEVEL = "-Onone";
			};
			name = Debug;
		};
		BECBF7DF240852A20041D234 /* Release */ = {
			isa = XCBuildConfiguration;
			buildSettings = {
				ALWAYS_SEARCH_USER_PATHS = NO;
				CLANG_ANALYZER_NONNULL = YES;
				CLANG_ANALYZER_NUMBER_OBJECT_CONVERSION = YES_AGGRESSIVE;
				CLANG_CXX_LANGUAGE_STANDARD = "gnu++14";
				CLANG_CXX_LIBRARY = "libc++";
				CLANG_ENABLE_MODULES = YES;
				CLANG_ENABLE_OBJC_ARC = YES;
				CLANG_ENABLE_OBJC_WEAK = YES;
				CLANG_WARN_BLOCK_CAPTURE_AUTORELEASING = YES;
				CLANG_WARN_BOOL_CONVERSION = YES;
				CLANG_WARN_COMMA = YES;
				CLANG_WARN_CONSTANT_CONVERSION = YES;
				CLANG_WARN_DEPRECATED_OBJC_IMPLEMENTATIONS = YES;
				CLANG_WARN_DIRECT_OBJC_ISA_USAGE = YES_ERROR;
				CLANG_WARN_DOCUMENTATION_COMMENTS = YES;
				CLANG_WARN_EMPTY_BODY = YES;
				CLANG_WARN_ENUM_CONVERSION = YES;
				CLANG_WARN_INFINITE_RECURSION = YES;
				CLANG_WARN_INT_CONVERSION = YES;
				CLANG_WARN_NON_LITERAL_NULL_CONVERSION = YES;
				CLANG_WARN_OBJC_IMPLICIT_RETAIN_SELF = YES;
				CLANG_WARN_OBJC_LITERAL_CONVERSION = YES;
				CLANG_WARN_OBJC_ROOT_CLASS = YES_ERROR;
				CLANG_WARN_RANGE_LOOP_ANALYSIS = YES;
				CLANG_WARN_STRICT_PROTOTYPES = YES;
				CLANG_WARN_SUSPICIOUS_MOVE = YES;
				CLANG_WARN_UNGUARDED_AVAILABILITY = YES_AGGRESSIVE;
				CLANG_WARN_UNREACHABLE_CODE = YES;
				CLANG_WARN__DUPLICATE_METHOD_MATCH = YES;
				COPY_PHASE_STRIP = NO;
				DEBUG_INFORMATION_FORMAT = "dwarf-with-dsym";
				ENABLE_NS_ASSERTIONS = NO;
				ENABLE_STRICT_OBJC_MSGSEND = YES;
				GCC_C_LANGUAGE_STANDARD = gnu11;
				GCC_NO_COMMON_BLOCKS = YES;
				GCC_WARN_64_TO_32_BIT_CONVERSION = YES;
				GCC_WARN_ABOUT_RETURN_TYPE = YES_ERROR;
				GCC_WARN_UNDECLARED_SELECTOR = YES;
				GCC_WARN_UNINITIALIZED_AUTOS = YES_AGGRESSIVE;
				GCC_WARN_UNUSED_FUNCTION = YES;
				GCC_WARN_UNUSED_VARIABLE = YES;
				IPHONEOS_DEPLOYMENT_TARGET = 13.2;
				MTL_ENABLE_DEBUG_INFO = NO;
				MTL_FAST_MATH = YES;
				SDKROOT = iphoneos;
				SWIFT_COMPILATION_MODE = wholemodule;
				SWIFT_OPTIMIZATION_LEVEL = "-O";
				VALIDATE_PRODUCT = YES;
			};
			name = Release;
		};
		BECBF7E1240852A30041D234 /* Debug */ = {
			isa = XCBuildConfiguration;
			baseConfigurationReference = 414A37CF1855A290104D0C43 /* Pods-Parstagram.debug.xcconfig */;
			buildSettings = {
				ASSETCATALOG_COMPILER_APPICON_NAME = AppIcon;
				CODE_SIGN_STYLE = Automatic;
				DEVELOPMENT_TEAM = 2N4N5PCC9V;
				INFOPLIST_FILE = Parstagram/Info.plist;
				LD_RUNPATH_SEARCH_PATHS = (
					"$(inherited)",
					"@executable_path/Frameworks",
				);
				PRODUCT_BUNDLE_IDENTIFIER = asimwilliams.Parstagram;
				PRODUCT_NAME = "$(TARGET_NAME)";
				SWIFT_VERSION = 5.0;
				TARGETED_DEVICE_FAMILY = "1,2";
			};
			name = Debug;
		};
		BECBF7E2240852A30041D234 /* Release */ = {
			isa = XCBuildConfiguration;
			baseConfigurationReference = 090111B5086AEF2A7A19074A /* Pods-Parstagram.release.xcconfig */;
			buildSettings = {
				ASSETCATALOG_COMPILER_APPICON_NAME = AppIcon;
				CODE_SIGN_STYLE = Automatic;
				DEVELOPMENT_TEAM = 2N4N5PCC9V;
				INFOPLIST_FILE = Parstagram/Info.plist;
				LD_RUNPATH_SEARCH_PATHS = (
					"$(inherited)",
					"@executable_path/Frameworks",
				);
				PRODUCT_BUNDLE_IDENTIFIER = asimwilliams.Parstagram;
				PRODUCT_NAME = "$(TARGET_NAME)";
				SWIFT_VERSION = 5.0;
				TARGETED_DEVICE_FAMILY = "1,2";
			};
			name = Release;
		};
		BECBF7E4240852A30041D234 /* Debug */ = {
			isa = XCBuildConfiguration;
			baseConfigurationReference = AB72AAA240FF56AE381E6B75 /* Pods-ParstagramTests.debug.xcconfig */;
			buildSettings = {
				ALWAYS_EMBED_SWIFT_STANDARD_LIBRARIES = YES;
				BUNDLE_LOADER = "$(TEST_HOST)";
				CODE_SIGN_STYLE = Automatic;
				DEVELOPMENT_TEAM = 2N4N5PCC9V;
				INFOPLIST_FILE = ParstagramTests/Info.plist;
				IPHONEOS_DEPLOYMENT_TARGET = 13.2;
				LD_RUNPATH_SEARCH_PATHS = (
					"$(inherited)",
					"@executable_path/Frameworks",
					"@loader_path/Frameworks",
				);
				PRODUCT_BUNDLE_IDENTIFIER = asimwilliams.ParstagramTests;
				PRODUCT_NAME = "$(TARGET_NAME)";
				SWIFT_VERSION = 5.0;
				TARGETED_DEVICE_FAMILY = "1,2";
				TEST_HOST = "$(BUILT_PRODUCTS_DIR)/Parstagram.app/Parstagram";
			};
			name = Debug;
		};
		BECBF7E5240852A30041D234 /* Release */ = {
			isa = XCBuildConfiguration;
			baseConfigurationReference = 25C03EA2F573C0A3F5706DD2 /* Pods-ParstagramTests.release.xcconfig */;
			buildSettings = {
				ALWAYS_EMBED_SWIFT_STANDARD_LIBRARIES = YES;
				BUNDLE_LOADER = "$(TEST_HOST)";
				CODE_SIGN_STYLE = Automatic;
				DEVELOPMENT_TEAM = 2N4N5PCC9V;
				INFOPLIST_FILE = ParstagramTests/Info.plist;
				IPHONEOS_DEPLOYMENT_TARGET = 13.2;
				LD_RUNPATH_SEARCH_PATHS = (
					"$(inherited)",
					"@executable_path/Frameworks",
					"@loader_path/Frameworks",
				);
				PRODUCT_BUNDLE_IDENTIFIER = asimwilliams.ParstagramTests;
				PRODUCT_NAME = "$(TARGET_NAME)";
				SWIFT_VERSION = 5.0;
				TARGETED_DEVICE_FAMILY = "1,2";
				TEST_HOST = "$(BUILT_PRODUCTS_DIR)/Parstagram.app/Parstagram";
			};
			name = Release;
		};
		BECBF7E7240852A30041D234 /* Debug */ = {
			isa = XCBuildConfiguration;
			baseConfigurationReference = 92AD37BFA970C6A1FE04BB39 /* Pods-Parstagram-ParstagramUITests.debug.xcconfig */;
			buildSettings = {
				ALWAYS_EMBED_SWIFT_STANDARD_LIBRARIES = YES;
				CODE_SIGN_STYLE = Automatic;
				DEVELOPMENT_TEAM = 2N4N5PCC9V;
				INFOPLIST_FILE = ParstagramUITests/Info.plist;
				LD_RUNPATH_SEARCH_PATHS = (
					"$(inherited)",
					"@executable_path/Frameworks",
					"@loader_path/Frameworks",
				);
				PRODUCT_BUNDLE_IDENTIFIER = asimwilliams.ParstagramUITests;
				PRODUCT_NAME = "$(TARGET_NAME)";
				SWIFT_VERSION = 5.0;
				TARGETED_DEVICE_FAMILY = "1,2";
				TEST_TARGET_NAME = Parstagram;
			};
			name = Debug;
		};
		BECBF7E8240852A30041D234 /* Release */ = {
			isa = XCBuildConfiguration;
			baseConfigurationReference = 16FE9571B012B68E65FA5567 /* Pods-Parstagram-ParstagramUITests.release.xcconfig */;
			buildSettings = {
				ALWAYS_EMBED_SWIFT_STANDARD_LIBRARIES = YES;
				CODE_SIGN_STYLE = Automatic;
				DEVELOPMENT_TEAM = 2N4N5PCC9V;
				INFOPLIST_FILE = ParstagramUITests/Info.plist;
				LD_RUNPATH_SEARCH_PATHS = (
					"$(inherited)",
					"@executable_path/Frameworks",
					"@loader_path/Frameworks",
				);
				PRODUCT_BUNDLE_IDENTIFIER = asimwilliams.ParstagramUITests;
				PRODUCT_NAME = "$(TARGET_NAME)";
				SWIFT_VERSION = 5.0;
				TARGETED_DEVICE_FAMILY = "1,2";
				TEST_TARGET_NAME = Parstagram;
			};
			name = Release;
		};
/* End XCBuildConfiguration section */

/* Begin XCConfigurationList section */
		BECBF7B1240852A10041D234 /* Build configuration list for PBXProject "Parstagram" */ = {
			isa = XCConfigurationList;
			buildConfigurations = (
				BECBF7DE240852A20041D234 /* Debug */,
				BECBF7DF240852A20041D234 /* Release */,
			);
			defaultConfigurationIsVisible = 0;
			defaultConfigurationName = Release;
		};
		BECBF7E0240852A30041D234 /* Build configuration list for PBXNativeTarget "Parstagram" */ = {
			isa = XCConfigurationList;
			buildConfigurations = (
				BECBF7E1240852A30041D234 /* Debug */,
				BECBF7E2240852A30041D234 /* Release */,
			);
			defaultConfigurationIsVisible = 0;
			defaultConfigurationName = Release;
		};
		BECBF7E3240852A30041D234 /* Build configuration list for PBXNativeTarget "ParstagramTests" */ = {
			isa = XCConfigurationList;
			buildConfigurations = (
				BECBF7E4240852A30041D234 /* Debug */,
				BECBF7E5240852A30041D234 /* Release */,
			);
			defaultConfigurationIsVisible = 0;
			defaultConfigurationName = Release;
		};
		BECBF7E6240852A30041D234 /* Build configuration list for PBXNativeTarget "ParstagramUITests" */ = {
			isa = XCConfigurationList;
			buildConfigurations = (
				BECBF7E7240852A30041D234 /* Debug */,
				BECBF7E8240852A30041D234 /* Release */,
			);
			defaultConfigurationIsVisible = 0;
			defaultConfigurationName = Release;
		};
/* End XCConfigurationList section */
	};
	rootObject = BECBF7AE240852A10041D234 /* Project object */;
}
