// !$*UTF8*$!
{
	archiveVersion = 1;
	classes = {
	};
	objectVersion = 50;
	objects = {

/* Begin PBXBuildFile section */
		BECBF7BA240852A10041D234 /* AppDelegate.swift in Sources */ = {isa = PBXBuildFile; fileRef = BECBF7B9240852A10041D234 /* AppDelegate.swift */; };
		BECBF7BC240852A10041D234 /* SceneDelegate.swift in Sources */ = {isa = PBXBuildFile; fileRef = BECBF7BB240852A10041D234 /* SceneDelegate.swift */; };
		BECBF7BE240852A10041D234 /* ViewController.swift in Sources */ = {isa = PBXBuildFile; fileRef = BECBF7BD240852A10041D234 /* ViewController.swift */; };
		BECBF7C1240852A10041D234 /* Main.storyboard in Resources */ = {isa = PBXBuildFile; fileRef = BECBF7BF240852A10041D234 /* Main.storyboard */; };
		BECBF7C3240852A20041D234 /* Assets.xcassets in Resources */ = {isa = PBXBuildFile; fileRef = BECBF7C2240852A20041D234 /* Assets.xcassets */; };
		BECBF7C6240852A20041D234 /* LaunchScreen.storyboard in Resources */ = {isa = PBXBuildFile; fileRef = BECBF7C4240852A20041D234 /* LaunchScreen.storyboard */; };
		BECBF7D1240852A20041D234 /* ParstagramTests.swift in Sources */ = {isa = PBXBuildFile; fileRef = BECBF7D0240852A20041D234 /* ParstagramTests.swift */; };
		BECBF7DC240852A20041D234 /* ParstagramUITests.swift in Sources */ = {isa = PBXBuildFile; fileRef = BECBF7DB240852A20041D234 /* ParstagramUITests.swift */; };
/* End PBXBuildFile section */

/* Begin PBXContainerItemProxy section */
		BECBF7CD240852A20041D234 /* PBXContainerItemProxy */ = {
			isa = PBXContainerItemProxy;
			containerPortal = BECBF7AE240852A10041D234 /* Project object */;
			proxyType = 1;
			remoteGlobalIDString = BECBF7B5240852A10041D234;
			remoteInfo = Parstagram;
		};
		BECBF7D8240852A20041D234 /* PBXContainerItemProxy */ = {
			isa = PBXContainerItemProxy;
			containerPortal = BECBF7AE240852A10041D234 /* Project object */;
			proxyType = 1;
			remoteGlobalIDString = BECBF7B5240852A10041D234;
			remoteInfo = Parstagram;
		};
/* End PBXContainerItemProxy section */

/* Begin PBXFileReference section */
		BECBF7B6240852A10041D234 /* Parstagram.app */ = {isa = PBXFileReference; explicitFileType = wrapper.application; includeInIndex = 0; path = Parstagram.app; sourceTree = BUILT_PRODUCTS_DIR; };
		BECBF7B9240852A10041D234 /* AppDelegate.swift */ = {isa = PBXFileReference; lastKnownFileType = sourcecode.swift; path = AppDelegate.swift; sourceTree = "<group>"; };
		BECBF7BB240852A10041D234 /* SceneDelegate.swift */ = {isa = PBXFileReference; lastKnownFileType = sourcecode.swift; path = SceneDelegate.swift; sourceTree = "<group>"; };
		BECBF7BD240852A10041D234 /* ViewController.swift */ = {isa = PBXFileReference; lastKnownFileType = sourcecode.swift; path = ViewController.swift; sourceTree = "<group>"; };
		BECBF7C0240852A10041D234 /* Base */ = {isa = PBXFileReference; lastKnownFileType = file.storyboard; name = Base; path = Base.lproj/Main.storyboard; sourceTree = "<group>"; };
		BECBF7C2240852A20041D234 /* Assets.xcassets */ = {isa = PBXFileReference; lastKnownFileType = folder.assetcatalog; path = Assets.xcassets; sourceTree = "<group>"; };
		BECBF7C5240852A20041D234 /* Base */ = {isa = PBXFileReference; lastKnownFileType = file.storyboard; name = Base; path = Base.lproj/LaunchScreen.storyboard; sourceTree = "<group>"; };
		BECBF7C7240852A20041D234 /* Info.plist */ = {isa = PBXFileReference; lastKnownFileType = text.plist.xml; path = Info.plist; sourceTree = "<group>"; };
		BECBF7CC240852A20041D234 /* ParstagramTests.xctest */ = {isa = PBXFileReference; explicitFileType = wrapper.cfbundle; includeInIndex = 0; path = ParstagramTests.xctest; sourceTree = BUILT_PRODUCTS_DIR; };
		BECBF7D0240852A20041D234 /* ParstagramTests.swift */ = {isa = PBXFileReference; lastKnownFileType = sourcecode.swift; path = ParstagramTests.swift; sourceTree = "<group>"; };
		BECBF7D2240852A20041D234 /* Info.plist */ = {isa = PBXFileReference; lastKnownFileType = text.plist.xml; path = Info.plist; sourceTree = "<group>"; };
		BECBF7D7240852A20041D234 /* ParstagramUITests.xctest */ = {isa = PBXFileReference; explicitFileType = wrapper.cfbundle; includeInIndex = 0; path = ParstagramUITests.xctest; sourceTree = BUILT_PRODUCTS_DIR; };
		BECBF7DB240852A20041D234 /* ParstagramUITests.swift */ = {isa = PBXFileReference; lastKnownFileType = sourcecode.swift; path = ParstagramUITests.swift; sourceTree = "<group>"; };
		BECBF7DD240852A20041D234 /* Info.plist */ = {isa = PBXFileReference; lastKnownFileType = text.plist.xml; path = Info.plist; sourceTree = "<group>"; };
/* End PBXFileReference section */

/* Begin PBXFrameworksBuildPhase section */
		BECBF7B3240852A10041D234 /* Frameworks */ = {
			isa = PBXFrameworksBuildPhase;
			buildActionMask = 2147483647;
			files = (
			);
			runOnlyForDeploymentPostprocessing = 0;
		};
		BECBF7C9240852A20041D234 /* Frameworks */ = {
			isa = PBXFrameworksBuildPhase;
			buildActionMask = 2147483647;
			files = (
			);
			runOnlyForDeploymentPostprocessing = 0;
		};
		BECBF7D4240852A20041D234 /* Frameworks */ = {
			isa = PBXFrameworksBuildPhase;
			buildActionMask = 2147483647;
			files = (
			);
			runOnlyForDeploymentPostprocessing = 0;
		};
/* End PBXFrameworksBuildPhase section */

/* Begin PBXGroup section */
		BECBF7AD240852A10041D234 = {
			isa = PBXGroup;
			children = (
				BECBF7B8240852A10041D234 /* Parstagram */,
				BECBF7CF240852A20041D234 /* ParstagramTests */,
				BECBF7DA240852A20041D234 /* ParstagramUITests */,
				BECBF7B7240852A10041D234 /* Products */,
			);
			sourceTree = "<group>";
		};
		BECBF7B7240852A10041D234 /* Products */ = {
			isa = PBXGroup;
			children = (
				BECBF7B6240852A10041D234 /* Parstagram.app */,
				BECBF7CC240852A20041D234 /* ParstagramTests.xctest */,
				BECBF7D7240852A20041D234 /* ParstagramUITests.xctest */,
			);
			name = Products;
			sourceTree = "<group>";
		};
		BECBF7B8240852A10041D234 /* Parstagram */ = {
			isa = PBXGroup;
			children = (
				BECBF7B9240852A10041D234 /* AppDelegate.swift */,
				BECBF7BB240852A10041D234 /* SceneDelegate.swift */,
				BECBF7BD240852A10041D234 /* ViewController.swift */,
				BECBF7BF240852A10041D234 /* Main.storyboard */,
				BECBF7C2240852A20041D234 /* Assets.xcassets */,
				BECBF7C4240852A20041D234 /* LaunchScreen.storyboard */,
				BECBF7C7240852A20041D234 /* Info.plist */,
			);
			path = Parstagram;
			sourceTree = "<group>";
		};
		BECBF7CF240852A20041D234 /* ParstagramTests */ = {
			isa = PBXGroup;
			children = (
				BECBF7D0240852A20041D234 /* ParstagramTests.swift */,
				BECBF7D2240852A20041D234 /* Info.plist */,
			);
			path = ParstagramTests;
			sourceTree = "<group>";
		};
		BECBF7DA240852A20041D234 /* ParstagramUITests */ = {
			isa = PBXGroup;
			children = (
				BECBF7DB240852A20041D234 /* ParstagramUITests.swift */,
				BECBF7DD240852A20041D234 /* Info.plist */,
			);
			path = ParstagramUITests;
			sourceTree = "<group>";
		};
/* End PBXGroup section */

/* Begin PBXNativeTarget section */
		BECBF7B5240852A10041D234 /* Parstagram */ = {
			isa = PBXNativeTarget;
			buildConfigurationList = BECBF7E0240852A30041D234 /* Build configuration list for PBXNativeTarget "Parstagram" */;
			buildPhases = (
				BECBF7B2240852A10041D234 /* Sources */,
				BECBF7B3240852A10041D234 /* Frameworks */,
				BECBF7B4240852A10041D234 /* Resources */,
			);
			buildRules = (
			);
			dependencies = (
			);
			name = Parstagram;
			productName = Parstagram;
			productReference = BECBF7B6240852A10041D234 /* Parstagram.app */;
			productType = "com.apple.product-type.application";
		};
		BECBF7CB240852A20041D234 /* ParstagramTests */ = {
			isa = PBXNativeTarget;
			buildConfigurationList = BECBF7E3240852A30041D234 /* Build configuration list for PBXNativeTarget "ParstagramTests" */;
			buildPhases = (
				BECBF7C8240852A20041D234 /* Sources */,
				BECBF7C9240852A20041D234 /* Frameworks */,
				BECBF7CA240852A20041D234 /* Resources */,
			);
			buildRules = (
			);
			dependencies = (
				BECBF7CE240852A20041D234 /* PBXTargetDependency */,
			);
			name = ParstagramTests;
			productName = ParstagramTests;
			productReference = BECBF7CC240852A20041D234 /* ParstagramTests.xctest */;
			productType = "com.apple.product-type.bundle.unit-test";
		};
		BECBF7D6240852A20041D234 /* ParstagramUITests */ = {
			isa = PBXNativeTarget;
			buildConfigurationList = BECBF7E6240852A30041D234 /* Build configuration list for PBXNativeTarget "ParstagramUITests" */;
			buildPhases = (
				BECBF7D3240852A20041D234 /* Sources */,
				BECBF7D4240852A20041D234 /* Frameworks */,
				BECBF7D5240852A20041D234 /* Resources */,
			);
			buildRules = (
			);
			dependencies = (
				BECBF7D9240852A20041D234 /* PBXTargetDependency */,
			);
			name = ParstagramUITests;
			productName = ParstagramUITests;
			productReference = BECBF7D7240852A20041D234 /* ParstagramUITests.xctest */;
			productType = "com.apple.product-type.bundle.ui-testing";
		};
/* End PBXNativeTarget section */

/* Begin PBXProject section */
		BECBF7AE240852A10041D234 /* Project object */ = {
			isa = PBXProject;
			attributes = {
				LastSwiftUpdateCheck = 1130;
				LastUpgradeCheck = 1130;
				ORGANIZATIONNAME = "Asim Williams";
				TargetAttributes = {
					BECBF7B5240852A10041D234 = {
						CreatedOnToolsVersion = 11.3.1;
					};
					BECBF7CB240852A20041D234 = {
						CreatedOnToolsVersion = 11.3.1;
						TestTargetID = BECBF7B5240852A10041D234;
					};
					BECBF7D6240852A20041D234 = {
						CreatedOnToolsVersion = 11.3.1;
						TestTargetID = BECBF7B5240852A10041D234;
					};
				};
			};
			buildConfigurationList = BECBF7B1240852A10041D234 /* Build configuration list for PBXProject "Parstagram" */;
			compatibilityVersion = "Xcode 9.3";
			developmentRegion = en;
			hasScannedForEncodings = 0;
			knownRegions = (
				en,
				Base,
			);
			mainGroup = BECBF7AD240852A10041D234;
			productRefGroup = BECBF7B7240852A10041D234 /* Products */;
			projectDirPath = "";
			projectRoot = "";
			targets = (
				BECBF7B5240852A10041D234 /* Parstagram */,
				BECBF7CB240852A20041D234 /* ParstagramTests */,
				BECBF7D6240852A20041D234 /* ParstagramUITests */,
			);
		};
/* End PBXProject section */

/* Begin PBXResourcesBuildPhase section */
		BECBF7B4240852A10041D234 /* Resources */ = {
			isa = PBXResourcesBuildPhase;
			buildActionMask = 2147483647;
			files = (
				BECBF7C6240852A20041D234 /* LaunchScreen.storyboard in Resources */,
				BECBF7C3240852A20041D234 /* Assets.xcassets in Resources */,
				BECBF7C1240852A10041D234 /* Main.storyboard in Resources */,
			);
			runOnlyForDeploymentPostprocessing = 0;
		};
		BECBF7CA240852A20041D234 /* Resources */ = {
			isa = PBXResourcesBuildPhase;
			buildActionMask = 2147483647;
			files = (
			);
			runOnlyForDeploymentPostprocessing = 0;
		};
		BECBF7D5240852A20041D234 /* Resources */ = {
			isa = PBXResourcesBuildPhase;
			buildActionMask = 2147483647;
			files = (
			);
			runOnlyForDeploymentPostprocessing = 0;
		};
/* End PBXResourcesBuildPhase section */

/* Begin PBXSourcesBuildPhase section */
		BECBF7B2240852A10041D234 /* Sources */ = {
			isa = PBXSourcesBuildPhase;
			buildActionMask = 2147483647;
			files = (
				BECBF7BE240852A10041D234 /* ViewController.swift in Sources */,
				BECBF7BA240852A10041D234 /* AppDelegate.swift in Sources */,
				BECBF7BC240852A10041D234 /* SceneDelegate.swift in Sources */,
			);
			runOnlyForDeploymentPostprocessing = 0;
		};
		BECBF7C8240852A20041D234 /* Sources */ = {
			isa = PBXSourcesBuildPhase;
			buildActionMask = 2147483647;
			files = (
				BECBF7D1240852A20041D234 /* ParstagramTests.swift in Sources */,
			);
			runOnlyForDeploymentPostprocessing = 0;
		};
		BECBF7D3240852A20041D234 /* Sources */ = {
			isa = PBXSourcesBuildPhase;
			buildActionMask = 2147483647;
			files = (
				BECBF7DC240852A20041D234 /* ParstagramUITests.swift in Sources */,
			);
			runOnlyForDeploymentPostprocessing = 0;
		};
/* End PBXSourcesBuildPhase section */

/* Begin PBXTargetDependency section */
		BECBF7CE240852A20041D234 /* PBXTargetDependency */ = {
			isa = PBXTargetDependency;
			target = BECBF7B5240852A10041D234 /* Parstagram */;
			targetProxy = BECBF7CD240852A20041D234 /* PBXContainerItemProxy */;
		};
		BECBF7D9240852A20041D234 /* PBXTargetDependency */ = {
			isa = PBXTargetDependency;
			target = BECBF7B5240852A10041D234 /* Parstagram */;
			targetProxy = BECBF7D8240852A20041D234 /* PBXContainerItemProxy */;
		};
/* End PBXTargetDependency section */

/* Begin PBXVariantGroup section */
		BECBF7BF240852A10041D234 /* Main.storyboard */ = {
			isa = PBXVariantGroup;
			children = (
				BECBF7C0240852A10041D234 /* Base */,
			);
			name = Main.storyboard;
			sourceTree = "<group>";
		};
		BECBF7C4240852A20041D234 /* LaunchScreen.storyboard */ = {
			isa = PBXVariantGroup;
			children = (
				BECBF7C5240852A20041D234 /* Base */,
			);
			name = LaunchScreen.storyboard;
			sourceTree = "<group>";
		};
/* End PBXVariantGroup section */

/* Begin XCBuildConfiguration section */
		BECBF7DE240852A20041D234 /* Debug */ = {
			isa = XCBuildConfiguration;
			buildSettings = {
				ALWAYS_SEARCH_USER_PATHS = NO;
				CLANG_ANALYZER_NONNULL = YES;
				CLANG_ANALYZER_NUMBER_OBJECT_CONVERSION = YES_AGGRESSIVE;
				CLANG_CXX_LANGUAGE_STANDARD = "gnu++14";
				CLANG_CXX_LIBRARY = "libc++";
				CLANG_ENABLE_MODULES = YES;
				CLANG_ENABLE_OBJC_ARC = YES;
				CLANG_ENABLE_OBJC_WEAK = YES;
				CLANG_WARN_BLOCK_CAPTURE_AUTORELEASING = YES;
				CLANG_WARN_BOOL_CONVERSION = YES;
				CLANG_WARN_COMMA = YES;
				CLANG_WARN_CONSTANT_CONVERSION = YES;
				CLANG_WARN_DEPRECATED_OBJC_IMPLEMENTATIONS = YES;
				CLANG_WARN_DIRECT_OBJC_ISA_USAGE = YES_ERROR;
				CLANG_WARN_DOCUMENTATION_COMMENTS = YES;
				CLANG_WARN_EMPTY_BODY = YES;
				CLANG_WARN_ENUM_CONVERSION = YES;
				CLANG_WARN_INFINITE_RECURSION = YES;
				CLANG_WARN_INT_CONVERSION = YES;
				CLANG_WARN_NON_LITERAL_NULL_CONVERSION = YES;
				CLANG_WARN_OBJC_IMPLICIT_RETAIN_SELF = YES;
				CLANG_WARN_OBJC_LITERAL_CONVERSION = YES;
				CLANG_WARN_OBJC_ROOT_CLASS = YES_ERROR;
				CLANG_WARN_RANGE_LOOP_ANALYSIS = YES;
				CLANG_WARN_STRICT_PROTOTYPES = YES;
				CLANG_WARN_SUSPICIOUS_MOVE = YES;
				CLANG_WARN_UNGUARDED_AVAILABILITY = YES_AGGRESSIVE;
				CLANG_WARN_UNREACHABLE_CODE = YES;
				CLANG_WARN__DUPLICATE_METHOD_MATCH = YES;
				COPY_PHASE_STRIP = NO;
				DEBUG_INFORMATION_FORMAT = dwarf;
				ENABLE_STRICT_OBJC_MSGSEND = YES;
				ENABLE_TESTABILITY = YES;
				GCC_C_LANGUAGE_STANDARD = gnu11;
				GCC_DYNAMIC_NO_PIC = NO;
				GCC_NO_COMMON_BLOCKS = YES;
				GCC_OPTIMIZATION_LEVEL = 0;
				GCC_PREPROCESSOR_DEFINITIONS = (
					"DEBUG=1",
					"$(inherited)",
				);
				GCC_WARN_64_TO_32_BIT_CONVERSION = YES;
				GCC_WARN_ABOUT_RETURN_TYPE = YES_ERROR;
				GCC_WARN_UNDECLARED_SELECTOR = YES;
				GCC_WARN_UNINITIALIZED_AUTOS = YES_AGGRESSIVE;
				GCC_WARN_UNUSED_FUNCTION = YES;
				GCC_WARN_UNUSED_VARIABLE = YES;
				IPHONEOS_DEPLOYMENT_TARGET = 13.2;
				MTL_ENABLE_DEBUG_INFO = INCLUDE_SOURCE;
				MTL_FAST_MATH = YES;
				ONLY_ACTIVE_ARCH = YES;
				SDKROOT = iphoneos;
				SWIFT_ACTIVE_COMPILATION_CONDITIONS = DEBUG;
				SWIFT_OPTIMIZATION_LEVEL = "-Onone";
			};
			name = Debug;
		};
		BECBF7DF240852A20041D234 /* Release */ = {
			isa = XCBuildConfiguration;
			buildSettings = {
				ALWAYS_SEARCH_USER_PATHS = NO;
				CLANG_ANALYZER_NONNULL = YES;
				CLANG_ANALYZER_NUMBER_OBJECT_CONVERSION = YES_AGGRESSIVE;
				CLANG_CXX_LANGUAGE_STANDARD = "gnu++14";
				CLANG_CXX_LIBRARY = "libc++";
				CLANG_ENABLE_MODULES = YES;
				CLANG_ENABLE_OBJC_ARC = YES;
				CLANG_ENABLE_OBJC_WEAK = YES;
				CLANG_WARN_BLOCK_CAPTURE_AUTORELEASING = YES;
				CLANG_WARN_BOOL_CONVERSION = YES;
				CLANG_WARN_COMMA = YES;
				CLANG_WARN_CONSTANT_CONVERSION = YES;
				CLANG_WARN_DEPRECATED_OBJC_IMPLEMENTATIONS = YES;
				CLANG_WARN_DIRECT_OBJC_ISA_USAGE = YES_ERROR;
				CLANG_WARN_DOCUMENTATION_COMMENTS = YES;
				CLANG_WARN_EMPTY_BODY = YES;
				CLANG_WARN_ENUM_CONVERSION = YES;
				CLANG_WARN_INFINITE_RECURSION = YES;
				CLANG_WARN_INT_CONVERSION = YES;
				CLANG_WARN_NON_LITERAL_NULL_CONVERSION = YES;
				CLANG_WARN_OBJC_IMPLICIT_RETAIN_SELF = YES;
				CLANG_WARN_OBJC_LITERAL_CONVERSION = YES;
				CLANG_WARN_OBJC_ROOT_CLASS = YES_ERROR;
				CLANG_WARN_RANGE_LOOP_ANALYSIS = YES;
				CLANG_WARN_STRICT_PROTOTYPES = YES;
				CLANG_WARN_SUSPICIOUS_MOVE = YES;
				CLANG_WARN_UNGUARDED_AVAILABILITY = YES_AGGRESSIVE;
				CLANG_WARN_UNREACHABLE_CODE = YES;
				CLANG_WARN__DUPLICATE_METHOD_MATCH = YES;
				COPY_PHASE_STRIP = NO;
				DEBUG_INFORMATION_FORMAT = "dwarf-with-dsym";
				ENABLE_NS_ASSERTIONS = NO;
				ENABLE_STRICT_OBJC_MSGSEND = YES;
				GCC_C_LANGUAGE_STANDARD = gnu11;
				GCC_NO_COMMON_BLOCKS = YES;
				GCC_WARN_64_TO_32_BIT_CONVERSION = YES;
				GCC_WARN_ABOUT_RETURN_TYPE = YES_ERROR;
				GCC_WARN_UNDECLARED_SELECTOR = YES;
				GCC_WARN_UNINITIALIZED_AUTOS = YES_AGGRESSIVE;
				GCC_WARN_UNUSED_FUNCTION = YES;
				GCC_WARN_UNUSED_VARIABLE = YES;
				IPHONEOS_DEPLOYMENT_TARGET = 13.2;
				MTL_ENABLE_DEBUG_INFO = NO;
				MTL_FAST_MATH = YES;
				SDKROOT = iphoneos;
				SWIFT_COMPILATION_MODE = wholemodule;
				SWIFT_OPTIMIZATION_LEVEL = "-O";
				VALIDATE_PRODUCT = YES;
			};
			name = Release;
		};
		BECBF7E1240852A30041D234 /* Debug */ = {
			isa = XCBuildConfiguration;
			buildSettings = {
				ASSETCATALOG_COMPILER_APPICON_NAME = AppIcon;
				CODE_SIGN_STYLE = Automatic;
				DEVELOPMENT_TEAM = 2N4N5PCC9V;
				INFOPLIST_FILE = Parstagram/Info.plist;
				LD_RUNPATH_SEARCH_PATHS = (
					"$(inherited)",
					"@executable_path/Frameworks",
				);
				PRODUCT_BUNDLE_IDENTIFIER = asimwilliams.Parstagram;
				PRODUCT_NAME = "$(TARGET_NAME)";
				SWIFT_VERSION = 5.0;
				TARGETED_DEVICE_FAMILY = "1,2";
			};
			name = Debug;
		};
		BECBF7E2240852A30041D234 /* Release */ = {
			isa = XCBuildConfiguration;
			buildSettings = {
				ASSETCATALOG_COMPILER_APPICON_NAME = AppIcon;
				CODE_SIGN_STYLE = Automatic;
				DEVELOPMENT_TEAM = 2N4N5PCC9V;
				INFOPLIST_FILE = Parstagram/Info.plist;
				LD_RUNPATH_SEARCH_PATHS = (
					"$(inherited)",
					"@executable_path/Frameworks",
				);
				PRODUCT_BUNDLE_IDENTIFIER = asimwilliams.Parstagram;
				PRODUCT_NAME = "$(TARGET_NAME)";
				SWIFT_VERSION = 5.0;
				TARGETED_DEVICE_FAMILY = "1,2";
			};
			name = Release;
		};
		BECBF7E4240852A30041D234 /* Debug */ = {
			isa = XCBuildConfiguration;
			buildSettings = {
				ALWAYS_EMBED_SWIFT_STANDARD_LIBRARIES = YES;
				BUNDLE_LOADER = "$(TEST_HOST)";
				CODE_SIGN_STYLE = Automatic;
				DEVELOPMENT_TEAM = 2N4N5PCC9V;
				INFOPLIST_FILE = ParstagramTests/Info.plist;
				IPHONEOS_DEPLOYMENT_TARGET = 13.2;
				LD_RUNPATH_SEARCH_PATHS = (
					"$(inherited)",
					"@executable_path/Frameworks",
					"@loader_path/Frameworks",
				);
				PRODUCT_BUNDLE_IDENTIFIER = asimwilliams.ParstagramTests;
				PRODUCT_NAME = "$(TARGET_NAME)";
				SWIFT_VERSION = 5.0;
				TARGETED_DEVICE_FAMILY = "1,2";
				TEST_HOST = "$(BUILT_PRODUCTS_DIR)/Parstagram.app/Parstagram";
			};
			name = Debug;
		};
		BECBF7E5240852A30041D234 /* Release */ = {
			isa = XCBuildConfiguration;
			buildSettings = {
				ALWAYS_EMBED_SWIFT_STANDARD_LIBRARIES = YES;
				BUNDLE_LOADER = "$(TEST_HOST)";
				CODE_SIGN_STYLE = Automatic;
				DEVELOPMENT_TEAM = 2N4N5PCC9V;
				INFOPLIST_FILE = ParstagramTests/Info.plist;
				IPHONEOS_DEPLOYMENT_TARGET = 13.2;
				LD_RUNPATH_SEARCH_PATHS = (
					"$(inherited)",
					"@executable_path/Frameworks",
					"@loader_path/Frameworks",
				);
				PRODUCT_BUNDLE_IDENTIFIER = asimwilliams.ParstagramTests;
				PRODUCT_NAME = "$(TARGET_NAME)";
				SWIFT_VERSION = 5.0;
				TARGETED_DEVICE_FAMILY = "1,2";
				TEST_HOST = "$(BUILT_PRODUCTS_DIR)/Parstagram.app/Parstagram";
			};
			name = Release;
		};
		BECBF7E7240852A30041D234 /* Debug */ = {
			isa = XCBuildConfiguration;
			buildSettings = {
				ALWAYS_EMBED_SWIFT_STANDARD_LIBRARIES = YES;
				CODE_SIGN_STYLE = Automatic;
				DEVELOPMENT_TEAM = 2N4N5PCC9V;
				INFOPLIST_FILE = ParstagramUITests/Info.plist;
				LD_RUNPATH_SEARCH_PATHS = (
					"$(inherited)",
					"@executable_path/Frameworks",
					"@loader_path/Frameworks",
				);
				PRODUCT_BUNDLE_IDENTIFIER = asimwilliams.ParstagramUITests;
				PRODUCT_NAME = "$(TARGET_NAME)";
				SWIFT_VERSION = 5.0;
				TARGETED_DEVICE_FAMILY = "1,2";
				TEST_TARGET_NAME = Parstagram;
			};
			name = Debug;
		};
		BECBF7E8240852A30041D234 /* Release */ = {
			isa = XCBuildConfiguration;
			buildSettings = {
				ALWAYS_EMBED_SWIFT_STANDARD_LIBRARIES = YES;
				CODE_SIGN_STYLE = Automatic;
				DEVELOPMENT_TEAM = 2N4N5PCC9V;
				INFOPLIST_FILE = ParstagramUITests/Info.plist;
				LD_RUNPATH_SEARCH_PATHS = (
					"$(inherited)",
					"@executable_path/Frameworks",
					"@loader_path/Frameworks",
				);
				PRODUCT_BUNDLE_IDENTIFIER = asimwilliams.ParstagramUITests;
				PRODUCT_NAME = "$(TARGET_NAME)";
				SWIFT_VERSION = 5.0;
				TARGETED_DEVICE_FAMILY = "1,2";
				TEST_TARGET_NAME = Parstagram;
			};
			name = Release;
		};
/* End XCBuildConfiguration section */

/* Begin XCConfigurationList section */
		BECBF7B1240852A10041D234 /* Build configuration list for PBXProject "Parstagram" */ = {
			isa = XCConfigurationList;
			buildConfigurations = (
				BECBF7DE240852A20041D234 /* Debug */,
				BECBF7DF240852A20041D234 /* Release */,
			);
			defaultConfigurationIsVisible = 0;
			defaultConfigurationName = Release;
		};
		BECBF7E0240852A30041D234 /* Build configuration list for PBXNativeTarget "Parstagram" */ = {
			isa = XCConfigurationList;
			buildConfigurations = (
				BECBF7E1240852A30041D234 /* Debug */,
				BECBF7E2240852A30041D234 /* Release */,
			);
			defaultConfigurationIsVisible = 0;
			defaultConfigurationName = Release;
		};
		BECBF7E3240852A30041D234 /* Build configuration list for PBXNativeTarget "ParstagramTests" */ = {
			isa = XCConfigurationList;
			buildConfigurations = (
				BECBF7E4240852A30041D234 /* Debug */,
				BECBF7E5240852A30041D234 /* Release */,
			);
			defaultConfigurationIsVisible = 0;
			defaultConfigurationName = Release;
		};
		BECBF7E6240852A30041D234 /* Build configuration list for PBXNativeTarget "ParstagramUITests" */ = {
			isa = XCConfigurationList;
			buildConfigurations = (
				BECBF7E7240852A30041D234 /* Debug */,
				BECBF7E8240852A30041D234 /* Release */,
			);
			defaultConfigurationIsVisible = 0;
			defaultConfigurationName = Release;
		};
/* End XCConfigurationList section */
	};
	rootObject = BECBF7AE240852A10041D234 /* Project object */;
}
